
Microsoft Visual Studio Solution File, Format Version 12.00
# Visual Studio 15
VisualStudioVersion = 15.0.26430.13
MinimumVisualStudioVersion = 10.0.40219.1
Project("{2150E333-8FDC-42A3-9474-1A3956D46DE8}") = "Docs", "Docs", "{A77B0913-477A-4EB6-9649-ED3B784FD124}"
	ProjectSection(SolutionItems) = preProject
		..\.gitignore = ..\.gitignore
		..\LICENSE = ..\LICENSE
		..\README.md = ..\README.md
	EndProjectSection
EndProject
Project("{2150E333-8FDC-42A3-9474-1A3956D46DE8}") = "Source", "Source", "{BC2B42B5-3A13-44B5-A2CF-389F2C9AB90F}"
EndProject
Project("{2150E333-8FDC-42A3-9474-1A3956D46DE8}") = "Frontend", "Frontend", "{91B9AACF-0123-4999-959F-1600F954AE96}"
EndProject
Project("{FAE04EC0-301F-11D3-BF4B-00C04F79EFBC}") = "Sollicitatiebeheer.Web", "Frontend\Sollicitatiebeheer.Web\Sollicitatiebeheer.Web.csproj", "{F8FA0668-6D1F-4DB0-AB0F-EE395C3CABEC}"
EndProject
Project("{2150E333-8FDC-42A3-9474-1A3956D46DE8}") = "Backend", "Backend", "{0A6E66AE-5532-4FDD-B522-19BEE1C01173}"
EndProject
Project("{FAE04EC0-301F-11D3-BF4B-00C04F79EFBC}") = "Sollicitatiebeheer.Data", "Backend\Sollicitatiebeheer.Data\Sollicitatiebeheer.Data.csproj", "{838BF7F3-F2EE-4EEE-A371-10FBC2084412}"
EndProject
Project("{FAE04EC0-301F-11D3-BF4B-00C04F79EFBC}") = "Sollicitatiebeheer.Model", "Backend\Sollicitatiebeheer.Model\Sollicitatiebeheer.Model.csproj", "{05ECD756-C356-41FB-94D5-3691A1E18452}"
EndProject
Project("{FAE04EC0-301F-11D3-BF4B-00C04F79EFBC}") = "Sollicitatiebeheer.Model.Tests", "Backend\Sollicitatiebeheer.Model.Tests\Sollicitatiebeheer.Model.Tests.csproj", "{1D2CBF7D-BAF0-4E47-9366-0F2FE93857A6}"
EndProject
Global
	GlobalSection(SolutionConfigurationPlatforms) = preSolution
		Debug|Any CPU = Debug|Any CPU
		Release|Any CPU = Release|Any CPU
	EndGlobalSection
	GlobalSection(ProjectConfigurationPlatforms) = postSolution
		{F8FA0668-6D1F-4DB0-AB0F-EE395C3CABEC}.Debug|Any CPU.ActiveCfg = Debug|Any CPU
		{F8FA0668-6D1F-4DB0-AB0F-EE395C3CABEC}.Debug|Any CPU.Build.0 = Debug|Any CPU
		{F8FA0668-6D1F-4DB0-AB0F-EE395C3CABEC}.Release|Any CPU.ActiveCfg = Release|Any CPU
		{F8FA0668-6D1F-4DB0-AB0F-EE395C3CABEC}.Release|Any CPU.Build.0 = Release|Any CPU
		{838BF7F3-F2EE-4EEE-A371-10FBC2084412}.Debug|Any CPU.ActiveCfg = Debug|Any CPU
		{838BF7F3-F2EE-4EEE-A371-10FBC2084412}.Debug|Any CPU.Build.0 = Debug|Any CPU
		{838BF7F3-F2EE-4EEE-A371-10FBC2084412}.Release|Any CPU.ActiveCfg = Release|Any CPU
		{838BF7F3-F2EE-4EEE-A371-10FBC2084412}.Release|Any CPU.Build.0 = Release|Any CPU
		{05ECD756-C356-41FB-94D5-3691A1E18452}.Debug|Any CPU.ActiveCfg = Debug|Any CPU
		{05ECD756-C356-41FB-94D5-3691A1E18452}.Debug|Any CPU.Build.0 = Debug|Any CPU
		{05ECD756-C356-41FB-94D5-3691A1E18452}.Release|Any CPU.ActiveCfg = Release|Any CPU
		{05ECD756-C356-41FB-94D5-3691A1E18452}.Release|Any CPU.Build.0 = Release|Any CPU
		{1D2CBF7D-BAF0-4E47-9366-0F2FE93857A6}.Debug|Any CPU.ActiveCfg = Debug|Any CPU
		{1D2CBF7D-BAF0-4E47-9366-0F2FE93857A6}.Debug|Any CPU.Build.0 = Debug|Any CPU
		{1D2CBF7D-BAF0-4E47-9366-0F2FE93857A6}.Release|Any CPU.ActiveCfg = Release|Any CPU
		{1D2CBF7D-BAF0-4E47-9366-0F2FE93857A6}.Release|Any CPU.Build.0 = Release|Any CPU
	EndGlobalSection
	GlobalSection(SolutionProperties) = preSolution
		HideSolutionNode = FALSE
	EndGlobalSection
	GlobalSection(NestedProjects) = preSolution
		{91B9AACF-0123-4999-959F-1600F954AE96} = {BC2B42B5-3A13-44B5-A2CF-389F2C9AB90F}
		{F8FA0668-6D1F-4DB0-AB0F-EE395C3CABEC} = {91B9AACF-0123-4999-959F-1600F954AE96}
		{0A6E66AE-5532-4FDD-B522-19BEE1C01173} = {BC2B42B5-3A13-44B5-A2CF-389F2C9AB90F}
		{838BF7F3-F2EE-4EEE-A371-10FBC2084412} = {0A6E66AE-5532-4FDD-B522-19BEE1C01173}
		{05ECD756-C356-41FB-94D5-3691A1E18452} = {0A6E66AE-5532-4FDD-B522-19BEE1C01173}
		{1D2CBF7D-BAF0-4E47-9366-0F2FE93857A6} = {0A6E66AE-5532-4FDD-B522-19BEE1C01173}
	EndGlobalSection
EndGlobal
