
Microsoft Visual Studio Solution File, Format Version 12.00
# Visual Studio 15
VisualStudioVersion = 15.0.26430.13
MinimumVisualStudioVersion = 10.0.40219.1
Project("{2150E333-8FDC-42A3-9474-1A3956D46DE8}") = "Docs", "Docs", "{A77B0913-477A-4EB6-9649-ED3B784FD124}"
	ProjectSection(SolutionItems) = preProject
		..\.gitignore = ..\.gitignore
		..\LICENSE = ..\LICENSE
		..\README.md = ..\README.md
	EndProjectSection
EndProject
Project("{2150E333-8FDC-42A3-9474-1A3956D46DE8}") = "Source", "Source", "{BC2B42B5-3A13-44B5-A2CF-389F2C9AB90F}"
EndProject
Project("{2150E333-8FDC-42A3-9474-1A3956D46DE8}") = "Frontend", "Frontend", "{91B9AACF-0123-4999-959F-1600F954AE96}"
EndProject
Project("{FAE04EC0-301F-11D3-BF4B-00C04F79EFBC}") = "Sollicitatiebeheer.Web", "Frontend\Sollicitatiebeheer.Web\Sollicitatiebeheer.Web.csproj", "{F8FA0668-6D1F-4DB0-AB0F-EE395C3CABEC}"
EndProject
Project("{2150E333-8FDC-42A3-9474-1A3956D46DE8}") = "Backend", "Backend", "{0A6E66AE-5532-4FDD-B522-19BEE1C01173}"
EndProject
Project("{FAE04EC0-301F-11D3-BF4B-00C04F79EFBC}") = "Sollicitatiebeheer.Data.EFCore", "Backend\Sollicitatiebeheer.Data.EFCore\Sollicitatiebeheer.Data.EFCore.csproj", "{5081DA61-68EF-4C96-9AAE-A4471732015F}"
EndProject
Project("{FAE04EC0-301F-11D3-BF4B-00C04F79EFBC}") = "Sollicitatiebeheer.Model", "Backend\Sollicitatiebeheer.Model\Sollicitatiebeheer.Model.csproj", "{B7B04500-CD02-4197-827B-610BD8A68190}"
EndProject
Project("{FAE04EC0-301F-11D3-BF4B-00C04F79EFBC}") = "Sollicitatiebeheer.Model.Tests", "Sollicitatiebeheer.Model.Tests\Sollicitatiebeheer.Model.Tests.csproj", "{B659909B-EABD-4AA5-9ED5-93C75104266F}"
EndProject
Global
	GlobalSection(SolutionConfigurationPlatforms) = preSolution
		Debug|Any CPU = Debug|Any CPU
		Release|Any CPU = Release|Any CPU
	EndGlobalSection
	GlobalSection(ProjectConfigurationPlatforms) = postSolution
		{F8FA0668-6D1F-4DB0-AB0F-EE395C3CABEC}.Debug|Any CPU.ActiveCfg = Debug|Any CPU
		{F8FA0668-6D1F-4DB0-AB0F-EE395C3CABEC}.Debug|Any CPU.Build.0 = Debug|Any CPU
		{F8FA0668-6D1F-4DB0-AB0F-EE395C3CABEC}.Release|Any CPU.ActiveCfg = Release|Any CPU
		{F8FA0668-6D1F-4DB0-AB0F-EE395C3CABEC}.Release|Any CPU.Build.0 = Release|Any CPU
		{5081DA61-68EF-4C96-9AAE-A4471732015F}.Debug|Any CPU.ActiveCfg = Debug|Any CPU
		{5081DA61-68EF-4C96-9AAE-A4471732015F}.Debug|Any CPU.Build.0 = Debug|Any CPU
		{5081DA61-68EF-4C96-9AAE-A4471732015F}.Release|Any CPU.ActiveCfg = Release|Any CPU
		{5081DA61-68EF-4C96-9AAE-A4471732015F}.Release|Any CPU.Build.0 = Release|Any CPU
		{B7B04500-CD02-4197-827B-610BD8A68190}.Debug|Any CPU.ActiveCfg = Debug|Any CPU
		{B7B04500-CD02-4197-827B-610BD8A68190}.Debug|Any CPU.Build.0 = Debug|Any CPU
		{B7B04500-CD02-4197-827B-610BD8A68190}.Release|Any CPU.ActiveCfg = Release|Any CPU
		{B7B04500-CD02-4197-827B-610BD8A68190}.Release|Any CPU.Build.0 = Release|Any CPU
		{B659909B-EABD-4AA5-9ED5-93C75104266F}.Debug|Any CPU.ActiveCfg = Debug|Any CPU
		{B659909B-EABD-4AA5-9ED5-93C75104266F}.Debug|Any CPU.Build.0 = Debug|Any CPU
		{B659909B-EABD-4AA5-9ED5-93C75104266F}.Release|Any CPU.ActiveCfg = Release|Any CPU
		{B659909B-EABD-4AA5-9ED5-93C75104266F}.Release|Any CPU.Build.0 = Release|Any CPU
	EndGlobalSection
	GlobalSection(SolutionProperties) = preSolution
		HideSolutionNode = FALSE
	EndGlobalSection
	GlobalSection(NestedProjects) = preSolution
		{91B9AACF-0123-4999-959F-1600F954AE96} = {BC2B42B5-3A13-44B5-A2CF-389F2C9AB90F}
		{F8FA0668-6D1F-4DB0-AB0F-EE395C3CABEC} = {91B9AACF-0123-4999-959F-1600F954AE96}
		{0A6E66AE-5532-4FDD-B522-19BEE1C01173} = {BC2B42B5-3A13-44B5-A2CF-389F2C9AB90F}
		{5081DA61-68EF-4C96-9AAE-A4471732015F} = {0A6E66AE-5532-4FDD-B522-19BEE1C01173}
		{B7B04500-CD02-4197-827B-610BD8A68190} = {0A6E66AE-5532-4FDD-B522-19BEE1C01173}
		{B659909B-EABD-4AA5-9ED5-93C75104266F} = {0A6E66AE-5532-4FDD-B522-19BEE1C01173}
	EndGlobalSection
EndGlobal
